
Microsoft Visual Studio Solution File, Format Version 12.00
# Visual Studio 2013
VisualStudioVersion = 12.0.30501.0
MinimumVisualStudioVersion = 10.0.40219.1
Project("{FAE04EC0-301F-11D3-BF4B-00C04F79EFBC}") = "DFWMobile.XF", "DFWMobile.XF\DFWMobile.XF\DFWMobile.XF.csproj", "{FD028B97-6FF5-44C0-B052-D1B9CDCD4B03}"
EndProject
Project("{FAE04EC0-301F-11D3-BF4B-00C04F79EFBC}") = "DFWMobile.XF.iOS", "DFWMobile.XF\DFWMobile.XF.iOS\DFWMobile.XF.iOS.csproj", "{2646807B-FF7D-4010-8CF9-B7530430F97C}"
EndProject
Project("{FAE04EC0-301F-11D3-BF4B-00C04F79EFBC}") = "DFWMobile.XF.Android", "DFWMobile.XF\DFWMobile.XF.Android\DFWMobile.XF.Android.csproj", "{713C4C32-28FE-4274-AF6B-7734790394F0}"
EndProject
Project("{FAE04EC0-301F-11D3-BF4B-00C04F79EFBC}") = "DFWMobile.XF.WinPhone", "DFWMobile.XF\DFWMobile.XF.WinPhone\DFWMobile.XF.WinPhone.csproj", "{871441D5-FD28-4114-B281-CF1B80CB4062}"
EndProject
Global
	GlobalSection(SolutionConfigurationPlatforms) = preSolution
		Ad-Hoc|Any CPU = Ad-Hoc|Any CPU
		Ad-Hoc|ARM = Ad-Hoc|ARM
		Ad-Hoc|iPhone = Ad-Hoc|iPhone
		Ad-Hoc|iPhoneSimulator = Ad-Hoc|iPhoneSimulator
		Ad-Hoc|Mixed Platforms = Ad-Hoc|Mixed Platforms
		Ad-Hoc|x86 = Ad-Hoc|x86
		AppStore|Any CPU = AppStore|Any CPU
		AppStore|ARM = AppStore|ARM
		AppStore|iPhone = AppStore|iPhone
		AppStore|iPhoneSimulator = AppStore|iPhoneSimulator
		AppStore|Mixed Platforms = AppStore|Mixed Platforms
		AppStore|x86 = AppStore|x86
		Debug|Any CPU = Debug|Any CPU
		Debug|ARM = Debug|ARM
		Debug|iPhone = Debug|iPhone
		Debug|iPhoneSimulator = Debug|iPhoneSimulator
		Debug|Mixed Platforms = Debug|Mixed Platforms
		Debug|x86 = Debug|x86
		Release|Any CPU = Release|Any CPU
		Release|ARM = Release|ARM
		Release|iPhone = Release|iPhone
		Release|iPhoneSimulator = Release|iPhoneSimulator
		Release|Mixed Platforms = Release|Mixed Platforms
		Release|x86 = Release|x86
	EndGlobalSection
	GlobalSection(ProjectConfigurationPlatforms) = postSolution
		{FD028B97-6FF5-44C0-B052-D1B9CDCD4B03}.Ad-Hoc|Any CPU.ActiveCfg = Release|Any CPU
		{FD028B97-6FF5-44C0-B052-D1B9CDCD4B03}.Ad-Hoc|Any CPU.Build.0 = Release|Any CPU
		{FD028B97-6FF5-44C0-B052-D1B9CDCD4B03}.Ad-Hoc|ARM.ActiveCfg = Release|Any CPU
		{FD028B97-6FF5-44C0-B052-D1B9CDCD4B03}.Ad-Hoc|iPhone.ActiveCfg = Release|Any CPU
		{FD028B97-6FF5-44C0-B052-D1B9CDCD4B03}.Ad-Hoc|iPhoneSimulator.ActiveCfg = Release|Any CPU
		{FD028B97-6FF5-44C0-B052-D1B9CDCD4B03}.Ad-Hoc|Mixed Platforms.ActiveCfg = Release|Any CPU
		{FD028B97-6FF5-44C0-B052-D1B9CDCD4B03}.Ad-Hoc|Mixed Platforms.Build.0 = Release|Any CPU
		{FD028B97-6FF5-44C0-B052-D1B9CDCD4B03}.Ad-Hoc|x86.ActiveCfg = Release|Any CPU
		{FD028B97-6FF5-44C0-B052-D1B9CDCD4B03}.AppStore|Any CPU.ActiveCfg = Release|Any CPU
		{FD028B97-6FF5-44C0-B052-D1B9CDCD4B03}.AppStore|Any CPU.Build.0 = Release|Any CPU
		{FD028B97-6FF5-44C0-B052-D1B9CDCD4B03}.AppStore|ARM.ActiveCfg = Release|Any CPU
		{FD028B97-6FF5-44C0-B052-D1B9CDCD4B03}.AppStore|iPhone.ActiveCfg = Release|Any CPU
		{FD028B97-6FF5-44C0-B052-D1B9CDCD4B03}.AppStore|iPhoneSimulator.ActiveCfg = Release|Any CPU
		{FD028B97-6FF5-44C0-B052-D1B9CDCD4B03}.AppStore|Mixed Platforms.ActiveCfg = Release|Any CPU
		{FD028B97-6FF5-44C0-B052-D1B9CDCD4B03}.AppStore|Mixed Platforms.Build.0 = Release|Any CPU
		{FD028B97-6FF5-44C0-B052-D1B9CDCD4B03}.AppStore|x86.ActiveCfg = Release|Any CPU
		{FD028B97-6FF5-44C0-B052-D1B9CDCD4B03}.Debug|Any CPU.ActiveCfg = Debug|Any CPU
		{FD028B97-6FF5-44C0-B052-D1B9CDCD4B03}.Debug|Any CPU.Build.0 = Debug|Any CPU
		{FD028B97-6FF5-44C0-B052-D1B9CDCD4B03}.Debug|ARM.ActiveCfg = Debug|Any CPU
		{FD028B97-6FF5-44C0-B052-D1B9CDCD4B03}.Debug|iPhone.ActiveCfg = Debug|Any CPU
		{FD028B97-6FF5-44C0-B052-D1B9CDCD4B03}.Debug|iPhoneSimulator.ActiveCfg = Debug|Any CPU
		{FD028B97-6FF5-44C0-B052-D1B9CDCD4B03}.Debug|Mixed Platforms.ActiveCfg = Debug|Any CPU
		{FD028B97-6FF5-44C0-B052-D1B9CDCD4B03}.Debug|Mixed Platforms.Build.0 = Debug|Any CPU
		{FD028B97-6FF5-44C0-B052-D1B9CDCD4B03}.Debug|x86.ActiveCfg = Debug|Any CPU
		{FD028B97-6FF5-44C0-B052-D1B9CDCD4B03}.Release|Any CPU.ActiveCfg = Release|Any CPU
		{FD028B97-6FF5-44C0-B052-D1B9CDCD4B03}.Release|Any CPU.Build.0 = Release|Any CPU
		{FD028B97-6FF5-44C0-B052-D1B9CDCD4B03}.Release|ARM.ActiveCfg = Release|Any CPU
		{FD028B97-6FF5-44C0-B052-D1B9CDCD4B03}.Release|iPhone.ActiveCfg = Release|Any CPU
		{FD028B97-6FF5-44C0-B052-D1B9CDCD4B03}.Release|iPhoneSimulator.ActiveCfg = Release|Any CPU
		{FD028B97-6FF5-44C0-B052-D1B9CDCD4B03}.Release|Mixed Platforms.ActiveCfg = Release|Any CPU
		{FD028B97-6FF5-44C0-B052-D1B9CDCD4B03}.Release|Mixed Platforms.Build.0 = Release|Any CPU
		{FD028B97-6FF5-44C0-B052-D1B9CDCD4B03}.Release|x86.ActiveCfg = Release|Any CPU
		{2646807B-FF7D-4010-8CF9-B7530430F97C}.Ad-Hoc|Any CPU.ActiveCfg = Ad-Hoc|iPhone
		{2646807B-FF7D-4010-8CF9-B7530430F97C}.Ad-Hoc|ARM.ActiveCfg = Ad-Hoc|iPhone
		{2646807B-FF7D-4010-8CF9-B7530430F97C}.Ad-Hoc|iPhone.ActiveCfg = Ad-Hoc|iPhone
		{2646807B-FF7D-4010-8CF9-B7530430F97C}.Ad-Hoc|iPhone.Build.0 = Ad-Hoc|iPhone
		{2646807B-FF7D-4010-8CF9-B7530430F97C}.Ad-Hoc|iPhone.Deploy.0 = Ad-Hoc|iPhone
		{2646807B-FF7D-4010-8CF9-B7530430F97C}.Ad-Hoc|iPhoneSimulator.ActiveCfg = Ad-Hoc|iPhoneSimulator
		{2646807B-FF7D-4010-8CF9-B7530430F97C}.Ad-Hoc|iPhoneSimulator.Build.0 = Ad-Hoc|iPhoneSimulator
		{2646807B-FF7D-4010-8CF9-B7530430F97C}.Ad-Hoc|iPhoneSimulator.Deploy.0 = Ad-Hoc|iPhoneSimulator
		{2646807B-FF7D-4010-8CF9-B7530430F97C}.Ad-Hoc|Mixed Platforms.ActiveCfg = Ad-Hoc|iPhone
		{2646807B-FF7D-4010-8CF9-B7530430F97C}.Ad-Hoc|Mixed Platforms.Build.0 = Ad-Hoc|iPhone
		{2646807B-FF7D-4010-8CF9-B7530430F97C}.Ad-Hoc|Mixed Platforms.Deploy.0 = Ad-Hoc|iPhone
		{2646807B-FF7D-4010-8CF9-B7530430F97C}.Ad-Hoc|x86.ActiveCfg = Ad-Hoc|iPhone
		{2646807B-FF7D-4010-8CF9-B7530430F97C}.AppStore|Any CPU.ActiveCfg = AppStore|iPhone
		{2646807B-FF7D-4010-8CF9-B7530430F97C}.AppStore|ARM.ActiveCfg = AppStore|iPhone
		{2646807B-FF7D-4010-8CF9-B7530430F97C}.AppStore|iPhone.ActiveCfg = AppStore|iPhone
		{2646807B-FF7D-4010-8CF9-B7530430F97C}.AppStore|iPhone.Build.0 = AppStore|iPhone
		{2646807B-FF7D-4010-8CF9-B7530430F97C}.AppStore|iPhone.Deploy.0 = AppStore|iPhone
		{2646807B-FF7D-4010-8CF9-B7530430F97C}.AppStore|iPhoneSimulator.ActiveCfg = AppStore|iPhoneSimulator
		{2646807B-FF7D-4010-8CF9-B7530430F97C}.AppStore|iPhoneSimulator.Build.0 = AppStore|iPhoneSimulator
		{2646807B-FF7D-4010-8CF9-B7530430F97C}.AppStore|iPhoneSimulator.Deploy.0 = AppStore|iPhoneSimulator
		{2646807B-FF7D-4010-8CF9-B7530430F97C}.AppStore|Mixed Platforms.ActiveCfg = AppStore|iPhone
		{2646807B-FF7D-4010-8CF9-B7530430F97C}.AppStore|Mixed Platforms.Build.0 = AppStore|iPhone
		{2646807B-FF7D-4010-8CF9-B7530430F97C}.AppStore|Mixed Platforms.Deploy.0 = AppStore|iPhone
		{2646807B-FF7D-4010-8CF9-B7530430F97C}.AppStore|x86.ActiveCfg = AppStore|iPhone
		{2646807B-FF7D-4010-8CF9-B7530430F97C}.Debug|Any CPU.ActiveCfg = Debug|iPhone
		{2646807B-FF7D-4010-8CF9-B7530430F97C}.Debug|ARM.ActiveCfg = Debug|iPhone
		{2646807B-FF7D-4010-8CF9-B7530430F97C}.Debug|iPhone.ActiveCfg = Debug|iPhone
		{2646807B-FF7D-4010-8CF9-B7530430F97C}.Debug|iPhone.Build.0 = Debug|iPhone
		{2646807B-FF7D-4010-8CF9-B7530430F97C}.Debug|iPhone.Deploy.0 = Debug|iPhone
		{2646807B-FF7D-4010-8CF9-B7530430F97C}.Debug|iPhoneSimulator.ActiveCfg = Debug|iPhoneSimulator
		{2646807B-FF7D-4010-8CF9-B7530430F97C}.Debug|iPhoneSimulator.Build.0 = Debug|iPhoneSimulator
		{2646807B-FF7D-4010-8CF9-B7530430F97C}.Debug|iPhoneSimulator.Deploy.0 = Debug|iPhoneSimulator
		{2646807B-FF7D-4010-8CF9-B7530430F97C}.Debug|Mixed Platforms.ActiveCfg = Debug|iPhone
		{2646807B-FF7D-4010-8CF9-B7530430F97C}.Debug|Mixed Platforms.Build.0 = Debug|iPhone
		{2646807B-FF7D-4010-8CF9-B7530430F97C}.Debug|Mixed Platforms.Deploy.0 = Debug|iPhone
		{2646807B-FF7D-4010-8CF9-B7530430F97C}.Debug|x86.ActiveCfg = Debug|iPhone
		{2646807B-FF7D-4010-8CF9-B7530430F97C}.Release|Any CPU.ActiveCfg = Release|iPhone
		{2646807B-FF7D-4010-8CF9-B7530430F97C}.Release|ARM.ActiveCfg = Release|iPhone
		{2646807B-FF7D-4010-8CF9-B7530430F97C}.Release|iPhone.ActiveCfg = Release|iPhone
		{2646807B-FF7D-4010-8CF9-B7530430F97C}.Release|iPhone.Build.0 = Release|iPhone
		{2646807B-FF7D-4010-8CF9-B7530430F97C}.Release|iPhone.Deploy.0 = Release|iPhone
		{2646807B-FF7D-4010-8CF9-B7530430F97C}.Release|iPhoneSimulator.ActiveCfg = Release|iPhoneSimulator
		{2646807B-FF7D-4010-8CF9-B7530430F97C}.Release|iPhoneSimulator.Build.0 = Release|iPhoneSimulator
		{2646807B-FF7D-4010-8CF9-B7530430F97C}.Release|iPhoneSimulator.Deploy.0 = Release|iPhoneSimulator
		{2646807B-FF7D-4010-8CF9-B7530430F97C}.Release|Mixed Platforms.ActiveCfg = Release|iPhone
		{2646807B-FF7D-4010-8CF9-B7530430F97C}.Release|Mixed Platforms.Build.0 = Release|iPhone
		{2646807B-FF7D-4010-8CF9-B7530430F97C}.Release|Mixed Platforms.Deploy.0 = Release|iPhone
		{2646807B-FF7D-4010-8CF9-B7530430F97C}.Release|x86.ActiveCfg = Release|iPhone
		{713C4C32-28FE-4274-AF6B-7734790394F0}.Ad-Hoc|Any CPU.ActiveCfg = Release|Any CPU
		{713C4C32-28FE-4274-AF6B-7734790394F0}.Ad-Hoc|Any CPU.Build.0 = Release|Any CPU
		{713C4C32-28FE-4274-AF6B-7734790394F0}.Ad-Hoc|Any CPU.Deploy.0 = Release|Any CPU
		{713C4C32-28FE-4274-AF6B-7734790394F0}.Ad-Hoc|ARM.ActiveCfg = Release|Any CPU
		{713C4C32-28FE-4274-AF6B-7734790394F0}.Ad-Hoc|iPhone.ActiveCfg = Release|Any CPU
		{713C4C32-28FE-4274-AF6B-7734790394F0}.Ad-Hoc|iPhoneSimulator.ActiveCfg = Release|Any CPU
		{713C4C32-28FE-4274-AF6B-7734790394F0}.Ad-Hoc|Mixed Platforms.ActiveCfg = Release|Any CPU
		{713C4C32-28FE-4274-AF6B-7734790394F0}.Ad-Hoc|Mixed Platforms.Build.0 = Release|Any CPU
		{713C4C32-28FE-4274-AF6B-7734790394F0}.Ad-Hoc|Mixed Platforms.Deploy.0 = Release|Any CPU
		{713C4C32-28FE-4274-AF6B-7734790394F0}.Ad-Hoc|x86.ActiveCfg = Release|Any CPU
		{713C4C32-28FE-4274-AF6B-7734790394F0}.AppStore|Any CPU.ActiveCfg = Release|Any CPU
		{713C4C32-28FE-4274-AF6B-7734790394F0}.AppStore|Any CPU.Build.0 = Release|Any CPU
		{713C4C32-28FE-4274-AF6B-7734790394F0}.AppStore|Any CPU.Deploy.0 = Release|Any CPU
		{713C4C32-28FE-4274-AF6B-7734790394F0}.AppStore|ARM.ActiveCfg = Release|Any CPU
		{713C4C32-28FE-4274-AF6B-7734790394F0}.AppStore|iPhone.ActiveCfg = Release|Any CPU
		{713C4C32-28FE-4274-AF6B-7734790394F0}.AppStore|iPhoneSimulator.ActiveCfg = Release|Any CPU
		{713C4C32-28FE-4274-AF6B-7734790394F0}.AppStore|Mixed Platforms.ActiveCfg = Release|Any CPU
		{713C4C32-28FE-4274-AF6B-7734790394F0}.AppStore|Mixed Platforms.Build.0 = Release|Any CPU
		{713C4C32-28FE-4274-AF6B-7734790394F0}.AppStore|Mixed Platforms.Deploy.0 = Release|Any CPU
		{713C4C32-28FE-4274-AF6B-7734790394F0}.AppStore|x86.ActiveCfg = Release|Any CPU
		{713C4C32-28FE-4274-AF6B-7734790394F0}.Debug|Any CPU.ActiveCfg = Debug|Any CPU
		{713C4C32-28FE-4274-AF6B-7734790394F0}.Debug|Any CPU.Build.0 = Debug|Any CPU
		{713C4C32-28FE-4274-AF6B-7734790394F0}.Debug|Any CPU.Deploy.0 = Debug|Any CPU
		{713C4C32-28FE-4274-AF6B-7734790394F0}.Debug|ARM.ActiveCfg = Debug|Any CPU
		{713C4C32-28FE-4274-AF6B-7734790394F0}.Debug|iPhone.ActiveCfg = Debug|Any CPU
		{713C4C32-28FE-4274-AF6B-7734790394F0}.Debug|iPhoneSimulator.ActiveCfg = Debug|Any CPU
		{713C4C32-28FE-4274-AF6B-7734790394F0}.Debug|Mixed Platforms.ActiveCfg = Debug|Any CPU
		{713C4C32-28FE-4274-AF6B-7734790394F0}.Debug|Mixed Platforms.Build.0 = Debug|Any CPU
		{713C4C32-28FE-4274-AF6B-7734790394F0}.Debug|Mixed Platforms.Deploy.0 = Debug|Any CPU
		{713C4C32-28FE-4274-AF6B-7734790394F0}.Debug|x86.ActiveCfg = Debug|Any CPU
		{713C4C32-28FE-4274-AF6B-7734790394F0}.Release|Any CPU.ActiveCfg = Release|Any CPU
		{713C4C32-28FE-4274-AF6B-7734790394F0}.Release|Any CPU.Build.0 = Release|Any CPU
		{713C4C32-28FE-4274-AF6B-7734790394F0}.Release|Any CPU.Deploy.0 = Release|Any CPU
		{713C4C32-28FE-4274-AF6B-7734790394F0}.Release|ARM.ActiveCfg = Release|Any CPU
		{713C4C32-28FE-4274-AF6B-7734790394F0}.Release|iPhone.ActiveCfg = Release|Any CPU
		{713C4C32-28FE-4274-AF6B-7734790394F0}.Release|iPhoneSimulator.ActiveCfg = Release|Any CPU
		{713C4C32-28FE-4274-AF6B-7734790394F0}.Release|Mixed Platforms.ActiveCfg = Release|Any CPU
		{713C4C32-28FE-4274-AF6B-7734790394F0}.Release|Mixed Platforms.Build.0 = Release|Any CPU
		{713C4C32-28FE-4274-AF6B-7734790394F0}.Release|Mixed Platforms.Deploy.0 = Release|Any CPU
		{713C4C32-28FE-4274-AF6B-7734790394F0}.Release|x86.ActiveCfg = Release|Any CPU
		{871441D5-FD28-4114-B281-CF1B80CB4062}.Ad-Hoc|Any CPU.ActiveCfg = Release|Any CPU
		{871441D5-FD28-4114-B281-CF1B80CB4062}.Ad-Hoc|Any CPU.Build.0 = Release|Any CPU
		{871441D5-FD28-4114-B281-CF1B80CB4062}.Ad-Hoc|Any CPU.Deploy.0 = Release|Any CPU
		{871441D5-FD28-4114-B281-CF1B80CB4062}.Ad-Hoc|ARM.ActiveCfg = Release|ARM
		{871441D5-FD28-4114-B281-CF1B80CB4062}.Ad-Hoc|ARM.Build.0 = Release|ARM
		{871441D5-FD28-4114-B281-CF1B80CB4062}.Ad-Hoc|ARM.Deploy.0 = Release|ARM
		{871441D5-FD28-4114-B281-CF1B80CB4062}.Ad-Hoc|iPhone.ActiveCfg = Release|Any CPU
		{871441D5-FD28-4114-B281-CF1B80CB4062}.Ad-Hoc|iPhoneSimulator.ActiveCfg = Release|Any CPU
		{871441D5-FD28-4114-B281-CF1B80CB4062}.Ad-Hoc|Mixed Platforms.ActiveCfg = Release|x86
		{871441D5-FD28-4114-B281-CF1B80CB4062}.Ad-Hoc|Mixed Platforms.Build.0 = Release|x86
		{871441D5-FD28-4114-B281-CF1B80CB4062}.Ad-Hoc|Mixed Platforms.Deploy.0 = Release|x86
		{871441D5-FD28-4114-B281-CF1B80CB4062}.Ad-Hoc|x86.ActiveCfg = Release|x86
		{871441D5-FD28-4114-B281-CF1B80CB4062}.Ad-Hoc|x86.Build.0 = Release|x86
		{871441D5-FD28-4114-B281-CF1B80CB4062}.Ad-Hoc|x86.Deploy.0 = Release|x86
		{871441D5-FD28-4114-B281-CF1B80CB4062}.AppStore|Any CPU.ActiveCfg = Release|Any CPU
		{871441D5-FD28-4114-B281-CF1B80CB4062}.AppStore|Any CPU.Build.0 = Release|Any CPU
		{871441D5-FD28-4114-B281-CF1B80CB4062}.AppStore|Any CPU.Deploy.0 = Release|Any CPU
		{871441D5-FD28-4114-B281-CF1B80CB4062}.AppStore|ARM.ActiveCfg = Release|ARM
		{871441D5-FD28-4114-B281-CF1B80CB4062}.AppStore|ARM.Build.0 = Release|ARM
		{871441D5-FD28-4114-B281-CF1B80CB4062}.AppStore|ARM.Deploy.0 = Release|ARM
		{871441D5-FD28-4114-B281-CF1B80CB4062}.AppStore|iPhone.ActiveCfg = Release|Any CPU
		{871441D5-FD28-4114-B281-CF1B80CB4062}.AppStore|iPhoneSimulator.ActiveCfg = Release|Any CPU
		{871441D5-FD28-4114-B281-CF1B80CB4062}.AppStore|Mixed Platforms.ActiveCfg = Release|x86
		{871441D5-FD28-4114-B281-CF1B80CB4062}.AppStore|Mixed Platforms.Build.0 = Release|x86
		{871441D5-FD28-4114-B281-CF1B80CB4062}.AppStore|Mixed Platforms.Deploy.0 = Release|x86
		{871441D5-FD28-4114-B281-CF1B80CB4062}.AppStore|x86.ActiveCfg = Release|x86
		{871441D5-FD28-4114-B281-CF1B80CB4062}.AppStore|x86.Build.0 = Release|x86
		{871441D5-FD28-4114-B281-CF1B80CB4062}.AppStore|x86.Deploy.0 = Release|x86
		{871441D5-FD28-4114-B281-CF1B80CB4062}.Debug|Any CPU.ActiveCfg = Debug|Any CPU
		{871441D5-FD28-4114-B281-CF1B80CB4062}.Debug|Any CPU.Build.0 = Debug|Any CPU
		{871441D5-FD28-4114-B281-CF1B80CB4062}.Debug|Any CPU.Deploy.0 = Debug|Any CPU
		{871441D5-FD28-4114-B281-CF1B80CB4062}.Debug|ARM.ActiveCfg = Debug|ARM
		{871441D5-FD28-4114-B281-CF1B80CB4062}.Debug|ARM.Build.0 = Debug|ARM
		{871441D5-FD28-4114-B281-CF1B80CB4062}.Debug|ARM.Deploy.0 = Debug|ARM
		{871441D5-FD28-4114-B281-CF1B80CB4062}.Debug|iPhone.ActiveCfg = Debug|Any CPU
		{871441D5-FD28-4114-B281-CF1B80CB4062}.Debug|iPhoneSimulator.ActiveCfg = Debug|Any CPU
		{871441D5-FD28-4114-B281-CF1B80CB4062}.Debug|Mixed Platforms.ActiveCfg = Debug|x86
		{871441D5-FD28-4114-B281-CF1B80CB4062}.Debug|Mixed Platforms.Build.0 = Debug|x86
		{871441D5-FD28-4114-B281-CF1B80CB4062}.Debug|Mixed Platforms.Deploy.0 = Debug|x86
		{871441D5-FD28-4114-B281-CF1B80CB4062}.Debug|x86.ActiveCfg = Debug|x86
		{871441D5-FD28-4114-B281-CF1B80CB4062}.Debug|x86.Build.0 = Debug|x86
		{871441D5-FD28-4114-B281-CF1B80CB4062}.Debug|x86.Deploy.0 = Debug|x86
		{871441D5-FD28-4114-B281-CF1B80CB4062}.Release|Any CPU.ActiveCfg = Release|Any CPU
		{871441D5-FD28-4114-B281-CF1B80CB4062}.Release|Any CPU.Build.0 = Release|Any CPU
		{871441D5-FD28-4114-B281-CF1B80CB4062}.Release|Any CPU.Deploy.0 = Release|Any CPU
		{871441D5-FD28-4114-B281-CF1B80CB4062}.Release|ARM.ActiveCfg = Release|ARM
		{871441D5-FD28-4114-B281-CF1B80CB4062}.Release|ARM.Build.0 = Release|ARM
		{871441D5-FD28-4114-B281-CF1B80CB4062}.Release|ARM.Deploy.0 = Release|ARM
		{871441D5-FD28-4114-B281-CF1B80CB4062}.Release|iPhone.ActiveCfg = Release|Any CPU
		{871441D5-FD28-4114-B281-CF1B80CB4062}.Release|iPhoneSimulator.ActiveCfg = Release|Any CPU
		{871441D5-FD28-4114-B281-CF1B80CB4062}.Release|Mixed Platforms.ActiveCfg = Release|x86
		{871441D5-FD28-4114-B281-CF1B80CB4062}.Release|Mixed Platforms.Build.0 = Release|x86
		{871441D5-FD28-4114-B281-CF1B80CB4062}.Release|Mixed Platforms.Deploy.0 = Release|x86
		{871441D5-FD28-4114-B281-CF1B80CB4062}.Release|x86.ActiveCfg = Release|x86
		{871441D5-FD28-4114-B281-CF1B80CB4062}.Release|x86.Build.0 = Release|x86
		{871441D5-FD28-4114-B281-CF1B80CB4062}.Release|x86.Deploy.0 = Release|x86
	EndGlobalSection
	GlobalSection(SolutionProperties) = preSolution
		HideSolutionNode = FALSE
	EndGlobalSection
EndGlobal
